// !$*UTF8*$!
{
	archiveVersion = 1;
	classes = {
	};
	objectVersion = 46;
	objects = {

/* Begin PBXBuildFile section */
		989EB7581ED8A62A0073D6A4 /* TouchSensor.m in Sources */ = {isa = PBXBuildFile; fileRef = 989EB7571ED8A62A0073D6A4 /* TouchSensor.m */; };
		989EB7591ED8A62A0073D6A4 /* TouchSensor.h in CopyFiles */ = {isa = PBXBuildFile; fileRef = 989EB7561ED8A62A0073D6A4 /* TouchSensor.h */; };
/* End PBXBuildFile section */

/* Begin PBXCopyFilesBuildPhase section */
		989EB7511ED8A62A0073D6A4 /* CopyFiles */ = {
			isa = PBXCopyFilesBuildPhase;
			buildActionMask = 2147483647;
			dstPath = "include/$(PRODUCT_NAME)";
			dstSubfolderSpec = 16;
			files = (
				989EB7591ED8A62A0073D6A4 /* TouchSensor.h in CopyFiles */,
			);
			runOnlyForDeploymentPostprocessing = 0;
		};
/* End PBXCopyFilesBuildPhase section */

/* Begin PBXFileReference section */
		989EB7531ED8A62A0073D6A4 /* libTouchSensor.a */ = {isa = PBXFileReference; explicitFileType = archive.ar; includeInIndex = 0; path = libTouchSensor.a; sourceTree = BUILT_PRODUCTS_DIR; };
		989EB7561ED8A62A0073D6A4 /* TouchSensor.h */ = {isa = PBXFileReference; lastKnownFileType = sourcecode.c.h; path = TouchSensor.h; sourceTree = "<group>"; };
		989EB7571ED8A62A0073D6A4 /* TouchSensor.m */ = {isa = PBXFileReference; lastKnownFileType = sourcecode.c.objc; path = TouchSensor.m; sourceTree = "<group>"; };
/* End PBXFileReference section */

/* Begin PBXFrameworksBuildPhase section */
		989EB7501ED8A62A0073D6A4 /* Frameworks */ = {
			isa = PBXFrameworksBuildPhase;
			buildActionMask = 2147483647;
			files = (
			);
			runOnlyForDeploymentPostprocessing = 0;
		};
/* End PBXFrameworksBuildPhase section */

/* Begin PBXGroup section */
		989EB74A1ED8A62A0073D6A4 = {
			isa = PBXGroup;
			children = (
				989EB7551ED8A62A0073D6A4 /* TouchSensor */,
				989EB7541ED8A62A0073D6A4 /* Products */,
			);
			sourceTree = "<group>";
		};
		989EB7541ED8A62A0073D6A4 /* Products */ = {
			isa = PBXGroup;
			children = (
				989EB7531ED8A62A0073D6A4 /* libTouchSensor.a */,
			);
			name = Products;
			sourceTree = "<group>";
		};
		989EB7551ED8A62A0073D6A4 /* TouchSensor */ = {
			isa = PBXGroup;
			children = (
				989EB7561ED8A62A0073D6A4 /* TouchSensor.h */,
				989EB7571ED8A62A0073D6A4 /* TouchSensor.m */,
			);
			path = TouchSensor;
			sourceTree = "<group>";
		};
/* End PBXGroup section */

/* Begin PBXNativeTarget section */
		989EB7521ED8A62A0073D6A4 /* TouchSensor */ = {
			isa = PBXNativeTarget;
			buildConfigurationList = 989EB75C1ED8A62A0073D6A4 /* Build configuration list for PBXNativeTarget "TouchSensor" */;
			buildPhases = (
				989EB74F1ED8A62A0073D6A4 /* Sources */,
				989EB7501ED8A62A0073D6A4 /* Frameworks */,
				989EB7511ED8A62A0073D6A4 /* CopyFiles */,
			);
			buildRules = (
			);
			dependencies = (
			);
			name = TouchSensor;
			productName = TouchSensor;
			productReference = 989EB7531ED8A62A0073D6A4 /* libTouchSensor.a */;
			productType = "com.apple.product-type.library.static";
		};
/* End PBXNativeTarget section */

/* Begin PBXProject section */
		989EB74B1ED8A62A0073D6A4 /* Project object */ = {
			isa = PBXProject;
			attributes = {
				LastUpgradeCheck = 0830;
				ORGANIZATIONNAME = Raizlabs;
				TargetAttributes = {
					989EB7521ED8A62A0073D6A4 = {
						CreatedOnToolsVersion = 8.3.2;
						DevelopmentTeam = 336S848KQ4;
						ProvisioningStyle = Automatic;
					};
				};
			};
			buildConfigurationList = 989EB74E1ED8A62A0073D6A4 /* Build configuration list for PBXProject "TouchSensor" */;
			compatibilityVersion = "Xcode 3.2";
			developmentRegion = English;
			hasScannedForEncodings = 0;
			knownRegions = (
				en,
			);
			mainGroup = 989EB74A1ED8A62A0073D6A4;
			productRefGroup = 989EB7541ED8A62A0073D6A4 /* Products */;
			projectDirPath = "";
			projectRoot = "";
			targets = (
				989EB7521ED8A62A0073D6A4 /* TouchSensor */,
			);
		};
/* End PBXProject section */

/* Begin PBXSourcesBuildPhase section */
		989EB74F1ED8A62A0073D6A4 /* Sources */ = {
			isa = PBXSourcesBuildPhase;
			buildActionMask = 2147483647;
			files = (
				989EB7581ED8A62A0073D6A4 /* TouchSensor.m in Sources */,
			);
			runOnlyForDeploymentPostprocessing = 0;
		};
/* End PBXSourcesBuildPhase section */

/* Begin XCBuildConfiguration section */
		989EB75A1ED8A62A0073D6A4 /* Debug */ = {
			isa = XCBuildConfiguration;
			buildSettings = {
				ALWAYS_SEARCH_USER_PATHS = NO;
				CLANG_ANALYZER_NONNULL = YES;
				CLANG_ANALYZER_NUMBER_OBJECT_CONVERSION = YES_AGGRESSIVE;
				CLANG_CXX_LANGUAGE_STANDARD = "gnu++0x";
				CLANG_CXX_LIBRARY = "libc++";
				CLANG_ENABLE_MODULES = YES;
				CLANG_ENABLE_OBJC_ARC = YES;
				CLANG_WARN_BOOL_CONVERSION = YES;
				CLANG_WARN_CONSTANT_CONVERSION = YES;
				CLANG_WARN_DIRECT_OBJC_ISA_USAGE = YES_ERROR;
				CLANG_WARN_DOCUMENTATION_COMMENTS = YES;
				CLANG_WARN_EMPTY_BODY = YES;
				CLANG_WARN_ENUM_CONVERSION = YES;
				CLANG_WARN_INFINITE_RECURSION = YES;
				CLANG_WARN_INT_CONVERSION = YES;
				CLANG_WARN_OBJC_ROOT_CLASS = YES_ERROR;
				CLANG_WARN_SUSPICIOUS_MOVE = YES;
				CLANG_WARN_UNREACHABLE_CODE = YES;
				CLANG_WARN__DUPLICATE_METHOD_MATCH = YES;
				"CODE_SIGN_IDENTITY[sdk=iphoneos*]" = "iPhone Developer";
				COPY_PHASE_STRIP = NO;
				DEBUG_INFORMATION_FORMAT = dwarf;
				ENABLE_STRICT_OBJC_MSGSEND = YES;
				ENABLE_TESTABILITY = YES;
				GCC_C_LANGUAGE_STANDARD = gnu99;
				GCC_DYNAMIC_NO_PIC = NO;
				GCC_NO_COMMON_BLOCKS = YES;
				GCC_OPTIMIZATION_LEVEL = 0;
				GCC_PREPROCESSOR_DEFINITIONS = (
					"DEBUG=1",
					"$(inherited)",
				);
				GCC_WARN_64_TO_32_BIT_CONVERSION = YES;
				GCC_WARN_ABOUT_RETURN_TYPE = YES_ERROR;
				GCC_WARN_UNDECLARED_SELECTOR = YES;
				GCC_WARN_UNINITIALIZED_AUTOS = YES_AGGRESSIVE;
				GCC_WARN_UNUSED_FUNCTION = YES;
				GCC_WARN_UNUSED_VARIABLE = YES;
				IPHONEOS_DEPLOYMENT_TARGET = 10.3;
				MTL_ENABLE_DEBUG_INFO = YES;
				ONLY_ACTIVE_ARCH = YES;
				SDKROOT = iphoneos;
			};
			name = Debug;
		};
		989EB75B1ED8A62A0073D6A4 /* Release */ = {
			isa = XCBuildConfiguration;
			buildSettings = {
				ALWAYS_SEARCH_USER_PATHS = NO;
				CLANG_ANALYZER_NONNULL = YES;
				CLANG_ANALYZER_NUMBER_OBJECT_CONVERSION = YES_AGGRESSIVE;
				CLANG_CXX_LANGUAGE_STANDARD = "gnu++0x";
				CLANG_CXX_LIBRARY = "libc++";
				CLANG_ENABLE_MODULES = YES;
				CLANG_ENABLE_OBJC_ARC = YES;
				CLANG_WARN_BOOL_CONVERSION = YES;
				CLANG_WARN_CONSTANT_CONVERSION = YES;
				CLANG_WARN_DIRECT_OBJC_ISA_USAGE = YES_ERROR;
				CLANG_WARN_DOCUMENTATION_COMMENTS = YES;
				CLANG_WARN_EMPTY_BODY = YES;
				CLANG_WARN_ENUM_CONVERSION = YES;
				CLANG_WARN_INFINITE_RECURSION = YES;
				CLANG_WARN_INT_CONVERSION = YES;
				CLANG_WARN_OBJC_ROOT_CLASS = YES_ERROR;
				CLANG_WARN_SUSPICIOUS_MOVE = YES;
				CLANG_WARN_UNREACHABLE_CODE = YES;
				CLANG_WARN__DUPLICATE_METHOD_MATCH = YES;
				"CODE_SIGN_IDENTITY[sdk=iphoneos*]" = "iPhone Developer";
				COPY_PHASE_STRIP = NO;
				DEBUG_INFORMATION_FORMAT = "dwarf-with-dsym";
				ENABLE_NS_ASSERTIONS = NO;
				ENABLE_STRICT_OBJC_MSGSEND = YES;
				GCC_C_LANGUAGE_STANDARD = gnu99;
				GCC_NO_COMMON_BLOCKS = YES;
				GCC_WARN_64_TO_32_BIT_CONVERSION = YES;
				GCC_WARN_ABOUT_RETURN_TYPE = YES_ERROR;
				GCC_WARN_UNDECLARED_SELECTOR = YES;
				GCC_WARN_UNINITIALIZED_AUTOS = YES_AGGRESSIVE;
				GCC_WARN_UNUSED_FUNCTION = YES;
				GCC_WARN_UNUSED_VARIABLE = YES;
				IPHONEOS_DEPLOYMENT_TARGET = 10.3;
				MTL_ENABLE_DEBUG_INFO = NO;
				SDKROOT = iphoneos;
				VALIDATE_PRODUCT = YES;
			};
			name = Release;
		};
		989EB75D1ED8A62A0073D6A4 /* Debug */ = {
			isa = XCBuildConfiguration;
			buildSettings = {
				DEVELOPMENT_TEAM = 336S848KQ4;
				HEADER_SEARCH_PATHS = "$(SRCROOT)/../../react-native/React/**";
				OTHER_LDFLAGS = "-ObjC";
				PRODUCT_NAME = "$(TARGET_NAME)";
				SKIP_INSTALL = YES;
			};
			name = Debug;
		};
		989EB75E1ED8A62A0073D6A4 /* Release */ = {
			isa = XCBuildConfiguration;
			buildSettings = {
				DEVELOPMENT_TEAM = 336S848KQ4;
				HEADER_SEARCH_PATHS = "$(SRCROOT)/../../react-native/React/**";
				OTHER_LDFLAGS = "-ObjC";
				PRODUCT_NAME = "$(TARGET_NAME)";
				SKIP_INSTALL = YES;
			};
			name = Release;
		};
/* End XCBuildConfiguration section */

/* Begin XCConfigurationList section */
		989EB74E1ED8A62A0073D6A4 /* Build configuration list for PBXProject "TouchSensor" */ = {
			isa = XCConfigurationList;
			buildConfigurations = (
				989EB75A1ED8A62A0073D6A4 /* Debug */,
				989EB75B1ED8A62A0073D6A4 /* Release */,
			);
			defaultConfigurationIsVisible = 0;
			defaultConfigurationName = Release;
		};
		989EB75C1ED8A62A0073D6A4 /* Build configuration list for PBXNativeTarget "TouchSensor" */ = {
			isa = XCConfigurationList;
			buildConfigurations = (
				989EB75D1ED8A62A0073D6A4 /* Debug */,
				989EB75E1ED8A62A0073D6A4 /* Release */,
			);
			defaultConfigurationIsVisible = 0;
			defaultConfigurationName = Release;
		};
/* End XCConfigurationList section */
	};
	rootObject = 989EB74B1ED8A62A0073D6A4 /* Project object */;
}
